{
  "name": "tes-psikologi-enterpreneur",
  "version": "1.0.0",
  "lockfileVersion": 3,
  "requires": true,
  "packages": {
    "": {
      "name": "tes-psikologi-enterpreneur",
      "version": "1.0.0",
      "license": "ISC",
      "dependencies": {
        "@vercel/kv": "^2.0.0"
      }
    },
    "node_modules/@upstash/redis": {
      "version": "1.34.0",
      "resolved": "https://registry.npmjs.org/@upstash/redis/-/redis-1.34.0.tgz",
      "integrity": "sha512-TrXNoJLkysIl8SBc4u9bNnyoFYoILpCcFJcLyWCccb/QSUmaVKdvY0m5diZqc3btExsapcMbaw/s/wh9Sf1pJw==",
      "dependencies": {
        "crypto-js": "^4.2.0"
      }
    },
    "node_modules/@vercel/kv": {
      "version": "2.0.0",
      "resolved": "https://registry.npmjs.org/@vercel/kv/-/kv-2.0.0.tgz",
      "integrity": "sha512-zdVrhbzZBYo5d1Hfn4bKtqCeKf0FuzW8rSHauzQVMUgv1+1JOwof2mWcBuI+YMJy8s0G0oqAUfQ7HgUDzb8EbA==",
      "dependencies": {
        "@upstash/redis": "^1.31.3"
      },
      "engines": {
        "node": ">=14.6"
      }
    },
    "node_modules/crypto-js": {
      "version": "4.2.0",
      "resolved": "https://registry.npmjs.org/crypto-js/-/crypto-js-4.2.0.tgz",
      "integrity": "sha512-KALDyEYgpY+Rlob/iriUtjV6d5Eq+Y191A5g4UqLAi8CyGP9N1+FdVbkc1SxKc2r4YAYqG8JzO2KGL+AizD70Q=="
    }
  }
}
